[[package]]
name = "click"
version = "8.0.1"
description = "Composable command line interface toolkit"
category = "main"
optional = false
python-versions = ">=3.6"

[package.dependencies]
colorama = {version = "*", markers = "platform_system == \"Windows\""}

[[package]]
name = "colorama"
version = "0.4.4"
description = "Cross-platform colored terminal text."
category = "main"
optional = false
python-versions = ">=2.7, !=3.0.*, !=3.1.*, !=3.2.*, !=3.3.*, !=3.4.*"

[[package]]
name = "pydicom"
version = "2.2.1"
description = "Pure python package for DICOM medical file reading and writing"
category = "main"
optional = false
python-versions = ">=3.6.1"

[[package]]
name = "simpleitk"
version = "2.1.1"
description = "SimpleITK is a simplified interface to the Insight Toolkit (ITK) for image registration and segmentation"
category = "main"
optional = false
python-versions = "*"

[[package]]
name = "tqdm"
version = "4.62.3"
description = "Fast, Extensible Progress Meter"
category = "main"
optional = false
python-versions = "!=3.0.*,!=3.1.*,!=3.2.*,!=3.3.*,>=2.7"

[package.dependencies]
colorama = {version = "*", markers = "platform_system == \"Windows\""}

[package.extras]
dev = ["py-make (>=0.1.0)", "twine", "wheel"]
notebook = ["ipywidgets (>=6)"]
telegram = ["requests"]

[metadata]
lock-version = "1.1"
python-versions = "^3.8"
content-hash = "1a78a579a7b48ed688de7b30b2c61036946d3c55f7bfe90e188f4a27041e4641"

[metadata.files]
click = [
    {file = "click-8.0.1-py3-none-any.whl", hash = "sha256:fba402a4a47334742d782209a7c79bc448911afe1149d07bdabdf480b3e2f4b6"},
    {file = "click-8.0.1.tar.gz", hash = "sha256:8c04c11192119b1ef78ea049e0a6f0463e4c48ef00a30160c704337586f3ad7a"},
]
colorama = [
    {file = "colorama-0.4.4-py2.py3-none-any.whl", hash = "sha256:9f47eda37229f68eee03b24b9748937c7dc3868f906e8ba69fbcbdd3bc5dc3e2"},
    {file = "colorama-0.4.4.tar.gz", hash = "sha256:5941b2b48a20143d2267e95b1c2a7603ce057ee39fd88e7329b0c292aa16869b"},
]
pydicom = [
    {file = "pydicom-2.2.1-py3-none-any.whl", hash = "sha256:444b5b7289135ff5ea76dfc69d3597dcfde1cd050ca387f709d777f35701242d"},
    {file = "pydicom-2.2.1.tar.gz", hash = "sha256:1eb8a59e18c4d264cd045a24e142eea0c864acca8c321c6c8166ed7b3c9502da"},
]
simpleitk = [
    {file = "SimpleITK-2.1.1-cp36-cp36m-macosx_10_9_x86_64.whl", hash = "sha256:e56d5af0bcd27e5572a7b0109759227e7b00556150e734cca1d72823b0fd6ae5"},
    {file = "SimpleITK-2.1.1-cp36-cp36m-manylinux_2_12_x86_64.manylinux2010_x86_64.whl", hash = "sha256:2bad26255c7abace4a69ef5aef3fe9cffa1ac4af6a566eaa64ac54fcd2000138"},
    {file = "SimpleITK-2.1.1-cp36-cp36m-manylinux_2_5_x86_64.manylinux1_x86_64.whl", hash = "sha256:59f1bcc526a5efa79e87b1791342529ca50aec6ab1fc67d228901090cce132a0"},
    {file = "SimpleITK-2.1.1-cp36-cp36m-win_amd64.whl", hash = "sha256:07a766f098ef927a50b295d3ec1f3e4ac3721c6a02044b64efedc1549832e872"},
    {file = "SimpleITK-2.1.1-cp37-cp37m-macosx_10_9_x86_64.whl", hash = "sha256:f0e3c8b90e4cb0ea65c8c9a109cc2649a44540bad12f4d15dc9e6ef242d3cd68"},
    {file = "SimpleITK-2.1.1-cp37-cp37m-manylinux_2_12_x86_64.manylinux2010_x86_64.whl", hash = "sha256:68134b0e70fe7a18e31e7038fcf6264eaf8e4047ded34c67ba89999af94f6c57"},
    {file = "SimpleITK-2.1.1-cp37-cp37m-manylinux_2_5_x86_64.manylinux1_x86_64.whl", hash = "sha256:2a5a9d3ec8fb3c08f9fe4c5f85bc2b9c0f408b1e71abb7ffd950a83dc7a2a4f3"},
    {file = "SimpleITK-2.1.1-cp37-cp37m-win_amd64.whl", hash = "sha256:c4336bf5e0f53d0aec841276509ea9331f4480d9174a794bb2a75da6218b22dc"},
    {file = "SimpleITK-2.1.1-cp38-cp38-macosx_10_9_x86_64.whl", hash = "sha256:b2b1606d740fedf2505dcfe6f73339f6e3315173ce65cf71f994cecdf49ac7cf"},
    {file = "SimpleITK-2.1.1-cp38-cp38-macosx_11_0_arm64.whl", hash = "sha256:4385bc48ad8c2c064ab2e466c62e326081dbc4e674104832b01519663918527c"},
    {file = "SimpleITK-2.1.1-cp38-cp38-manylinux_2_12_x86_64.manylinux2010_x86_64.whl", hash = "sha256:4d08c1caa2fca3fbdf538fd739cdbc9cd84c7b96c4c2d271052031a9b39e4710"},
    {file = "SimpleITK-2.1.1-cp38-cp38-manylinux_2_5_x86_64.manylinux1_x86_64.whl", hash = "sha256:ee682efc379b8499a6398dba951bbf7c31cba0f91e89aa2e69208b1946bf6757"},
    {file = "SimpleITK-2.1.1-cp38-cp38-win_amd64.whl", hash = "sha256:2bf093136e2db5851ec7f055998b30c1816f058ac37ad08a70869e17c9ed2fc5"},
    {file = "SimpleITK-2.1.1-cp39-cp39-macosx_10_9_x86_64.whl", hash = "sha256:13eae94a29ea4ad540aa526df402ae6e5e168c37ae76c3f1bdfe0df825479dc9"},
    {file = "SimpleITK-2.1.1-cp39-cp39-macosx_11_0_arm64.whl", hash = "sha256:c8b8c59de92355afe94b8db0f061fc28b4c7398f22f0f4598b9a9634e1308209"},
    {file = "SimpleITK-2.1.1-cp39-cp39-manylinux_2_12_x86_64.manylinux2010_x86_64.whl", hash = "sha256:fe5e1914f85f58215ef864f474b4a4c647c9e5690b8f69158a88a05a4e7fa81a"},
    {file = "SimpleITK-2.1.1-cp39-cp39-manylinux_2_5_x86_64.manylinux1_x86_64.whl", hash = "sha256:8c368bdbfad4ee3698e78d80a518d58d50144f9cc5f9037fa8f640f0e2ab4a22"},
    {file = "SimpleITK-2.1.1-cp39-cp39-win_amd64.whl", hash = "sha256:fd024d6906db531a87d2cf988a4c4a1cab4a192fdae71205f340290130af41bb"},
]
tqdm = [
    {file = "tqdm-4.62.3-py2.py3-none-any.whl", hash = "sha256:8dd278a422499cd6b727e6ae4061c40b48fce8b76d1ccbf5d34fca9b7f925b0c"},
    {file = "tqdm-4.62.3.tar.gz", hash = "sha256:d359de7217506c9851b7869f3708d8ee53ed70a1b8edbba4dbcb47442592920d"},
]
